
Microsoft Visual Studio Solution File, Format Version 12.00
# Visual Studio Version 16
VisualStudioVersion = 16.0.30804.86
MinimumVisualStudioVersion = 10.0.40219.1
Project("{FAE04EC0-301F-11D3-BF4B-00C04F79EFBC}") = "ADFS-Info", "ADFS-Info\ADFS-Info.csproj", "{38BB2B8B-A817-4303-9B02-D720FE9C223E}"
EndProject
Global
	GlobalSection(SolutionConfigurationPlatforms) = preSolution
		Debug|Any CPU = Debug|Any CPU
		Release|Any CPU = Release|Any CPU
	EndGlobalSection
	GlobalSection(ProjectConfigurationPlatforms) = postSolution
		{38BB2B8B-A817-4303-9B02-D720FE9C223E}.Debug|Any CPU.ActiveCfg = Debug|Any CPU
		{38BB2B8B-A817-4303-9B02-D720FE9C223E}.Debug|Any CPU.Build.0 = Debug|Any CPU
		{38BB2B8B-A817-4303-9B02-D720FE9C223E}.Release|Any CPU.ActiveCfg = Release|Any CPU
		{38BB2B8B-A817-4303-9B02-D720FE9C223E}.Release|Any CPU.Build.0 = Release|Any CPU
	EndGlobalSection
	GlobalSection(SolutionProperties) = preSolution
		HideSolutionNode = FALSE
	EndGlobalSection
	GlobalSection(ExtensibilityGlobals) = postSolution
		SolutionGuid = {6F08CF4B-EE08-45DB-AFC7-8CCB543DFAE0}
	EndGlobalSection
EndGlobal
